// !$*UTF8*$!
{
	archiveVersion = 1;
	classes = {
	};
	objectVersion = 51;
	objects = {

/* Begin PBXBuildFile section */
		1B8DA403E715044B695F9FC8 /* Pods_pindergartenTests.framework in Frameworks */ = {isa = PBXBuildFile; fileRef = 4815660692CFCCFE76EF034E /* Pods_pindergartenTests.framework */; };
		240B8D762731685800078404 /* DetailEventController.swift in Sources */ = {isa = PBXBuildFile; fileRef = 240B8D752731685800078404 /* DetailEventController.swift */; };
		240B8D78273168AE00078404 /* EventCommentController.swift in Sources */ = {isa = PBXBuildFile; fileRef = 240B8D77273168AE00078404 /* EventCommentController.swift */; };
		240B8D7A27316E8000078404 /* BaseCommentController.swift in Sources */ = {isa = PBXBuildFile; fileRef = 240B8D7927316E8000078404 /* BaseCommentController.swift */; };
		240B8D7C2731A7F300078404 /* CommentCell.swift in Sources */ = {isa = PBXBuildFile; fileRef = 240B8D7B2731A7F300078404 /* CommentCell.swift */; };
		240B8D83273268B300078404 /* GetAllFeedDataManager.swift in Sources */ = {isa = PBXBuildFile; fileRef = 240B8D82273268B300078404 /* GetAllFeedDataManager.swift */; };
		240B8D85273268C900078404 /* GetDetailFeedDataManager.swift in Sources */ = {isa = PBXBuildFile; fileRef = 240B8D84273268C900078404 /* GetDetailFeedDataManager.swift */; };
		240B8D8D273269E700078404 /* AllFeedResponse.swift in Sources */ = {isa = PBXBuildFile; fileRef = 240B8D8C273269E700078404 /* AllFeedResponse.swift */; };
		240B8D9027326CB000078404 /* DetailFeedController.swift in Sources */ = {isa = PBXBuildFile; fileRef = 240B8D8F27326CB000078404 /* DetailFeedController.swift */; };
		240B8D9427326D6E00078404 /* DetailFeedResponse.swift in Sources */ = {isa = PBXBuildFile; fileRef = 240B8D9327326D6E00078404 /* DetailFeedResponse.swift */; };
		24595AE2273123E1008B5194 /* EventCell.swift in Sources */ = {isa = PBXBuildFile; fileRef = 24595AE1273123E1008B5194 /* EventCell.swift */; };
		24595AE42732730A008B5194 /* DetailFeedCell.swift in Sources */ = {isa = PBXBuildFile; fileRef = 24595AE32732730A008B5194 /* DetailFeedCell.swift */; };
		247B84312733068500591CC4 /* LikeDataManager.swift in Sources */ = {isa = PBXBuildFile; fileRef = 247B84302733068500591CC4 /* LikeDataManager.swift */; };
		247B8435273306CA00591CC4 /* LikeResponse.swift in Sources */ = {isa = PBXBuildFile; fileRef = 247B8434273306CA00591CC4 /* LikeResponse.swift */; };
		24C4D6AA2725423A00FD519D /* AppDelegate.swift in Sources */ = {isa = PBXBuildFile; fileRef = 24C4D6A92725423A00FD519D /* AppDelegate.swift */; };
		24C4D6AC2725423A00FD519D /* SceneDelegate.swift in Sources */ = {isa = PBXBuildFile; fileRef = 24C4D6AB2725423A00FD519D /* SceneDelegate.swift */; };
		24C4D6B32725423B00FD519D /* Assets.xcassets in Resources */ = {isa = PBXBuildFile; fileRef = 24C4D6B22725423B00FD519D /* Assets.xcassets */; };
		24C4D6B62725423B00FD519D /* LaunchScreen.storyboard in Resources */ = {isa = PBXBuildFile; fileRef = 24C4D6B42725423B00FD519D /* LaunchScreen.storyboard */; };
		24C4D6C12725423B00FD519D /* pindergartenTests.swift in Sources */ = {isa = PBXBuildFile; fileRef = 24C4D6C02725423B00FD519D /* pindergartenTests.swift */; };
		24C4D6CC2725423B00FD519D /* pindergartenUITests.swift in Sources */ = {isa = PBXBuildFile; fileRef = 24C4D6CB2725423B00FD519D /* pindergartenUITests.swift */; };
		24C4D6DD2725929800FD519D /* Constant.swift in Sources */ = {isa = PBXBuildFile; fileRef = 24C4D6DC2725929800FD519D /* Constant.swift */; };
		24C4D6E02725946C00FD519D /* JwtToken.swift in Sources */ = {isa = PBXBuildFile; fileRef = 24C4D6DF2725946C00FD519D /* JwtToken.swift */; };
		24C4D6E62725953400FD519D /* Date.swift in Sources */ = {isa = PBXBuildFile; fileRef = 24C4D6E52725953300FD519D /* Date.swift */; };
		24C4D6E82725956600FD519D /* String.swift in Sources */ = {isa = PBXBuildFile; fileRef = 24C4D6E72725956600FD519D /* String.swift */; };
		24C4D6EA2725956D00FD519D /* Color.swift in Sources */ = {isa = PBXBuildFile; fileRef = 24C4D6E92725956D00FD519D /* Color.swift */; };
		24C4D6EC272597DB00FD519D /* UIViewController.swift in Sources */ = {isa = PBXBuildFile; fileRef = 24C4D6EB272597DB00FD519D /* UIViewController.swift */; };
		24C4D6EE272597FF00FD519D /* IndicatorView.swift in Sources */ = {isa = PBXBuildFile; fileRef = 24C4D6ED272597FF00FD519D /* IndicatorView.swift */; };
		24C4D6F02725982600FD519D /* Device.swift in Sources */ = {isa = PBXBuildFile; fileRef = 24C4D6EF2725982600FD519D /* Device.swift */; };
		24C4D6F3272599DF00FD519D /* BaseViewController.swift in Sources */ = {isa = PBXBuildFile; fileRef = 24C4D6F2272599DF00FD519D /* BaseViewController.swift */; };
		24C4D6F627259B1800FD519D /* SplashViewController.swift in Sources */ = {isa = PBXBuildFile; fileRef = 24C4D6F527259B1800FD519D /* SplashViewController.swift */; };
		24C4D6FC2727D6B300FD519D /* LoginViewController.swift in Sources */ = {isa = PBXBuildFile; fileRef = 24C4D6FB2727D6B300FD519D /* LoginViewController.swift */; };
		24C4D7002727DE9300FD519D /* CustomTextField.swift in Sources */ = {isa = PBXBuildFile; fileRef = 24C4D6FF2727DE9300FD519D /* CustomTextField.swift */; };
		24C4D7022727DFA500FD519D /* UIView.swift in Sources */ = {isa = PBXBuildFile; fileRef = 24C4D7012727DFA500FD519D /* UIView.swift */; };
		24C4D7062728044E00FD519D /* SignUpNumberViewController.swift in Sources */ = {isa = PBXBuildFile; fileRef = 24C4D7052728044E00FD519D /* SignUpNumberViewController.swift */; };
		24C4D70A2728229800FD519D /* View.xib in Resources */ = {isa = PBXBuildFile; fileRef = 24C4D7092728229800FD519D /* View.xib */; };
		24C4D70F2728393500FD519D /* BMDOHYEON_otf.otf in Resources */ = {isa = PBXBuildFile; fileRef = 24C4D70D2728393500FD519D /* BMDOHYEON_otf.otf */; };
		24C4D7102728393500FD519D /* SDSwagger.otf in Resources */ = {isa = PBXBuildFile; fileRef = 24C4D70E2728393500FD519D /* SDSwagger.otf */; };
		24C4D71427287A6200FD519D /* CustomNavBar.swift in Sources */ = {isa = PBXBuildFile; fileRef = 24C4D71327287A6200FD519D /* CustomNavBar.swift */; };
		24C4D7162728839600FD519D /* CustomInputView.swift in Sources */ = {isa = PBXBuildFile; fileRef = 24C4D7152728839600FD519D /* CustomInputView.swift */; };
		24C4D7182729EAE600FD519D /* SignUpPasswordViewController.swift in Sources */ = {isa = PBXBuildFile; fileRef = 24C4D7172729EAE600FD519D /* SignUpPasswordViewController.swift */; };
		24C4D71A2729EDD800FD519D /* BaseSignUpViewController.swift in Sources */ = {isa = PBXBuildFile; fileRef = 24C4D7192729EDD800FD519D /* BaseSignUpViewController.swift */; };
		24F742F8272C6C9100238E20 /* NickNameViewController.swift in Sources */ = {isa = PBXBuildFile; fileRef = 24F742F7272C6C9100238E20 /* NickNameViewController.swift */; };
		24F742FA272C733F00238E20 /* FindPasswordViewController.swift in Sources */ = {isa = PBXBuildFile; fileRef = 24F742F9272C733F00238E20 /* FindPasswordViewController.swift */; };
		24F742FC272C770900238E20 /* ResetPasswordViewController.swift in Sources */ = {isa = PBXBuildFile; fileRef = 24F742FB272C770900238E20 /* ResetPasswordViewController.swift */; };
		24F74303272CEBD800238E20 /* SendAuthNumberDataManager.swift in Sources */ = {isa = PBXBuildFile; fileRef = 24F74302272CEBD800238E20 /* SendAuthNumberDataManager.swift */; };
		24F74306272CEC2700238E20 /* SendAuthNumberResponse.swift in Sources */ = {isa = PBXBuildFile; fileRef = 24F74305272CEC2700238E20 /* SendAuthNumberResponse.swift */; };
		24F74308272CECCD00238E20 /* SendAuthNumberRequest.swift in Sources */ = {isa = PBXBuildFile; fileRef = 24F74307272CECCD00238E20 /* SendAuthNumberRequest.swift */; };
		24F7430A272CF53800238E20 /* CheckAuthNumberDataManager.swift in Sources */ = {isa = PBXBuildFile; fileRef = 24F74309272CF53800238E20 /* CheckAuthNumberDataManager.swift */; };
		24F7430C272CF55100238E20 /* CheckAuthNumberRequest.swift in Sources */ = {isa = PBXBuildFile; fileRef = 24F7430B272CF55100238E20 /* CheckAuthNumberRequest.swift */; };
		24F7430E272CF55A00238E20 /* CheckAuthNumberResponse.swift in Sources */ = {isa = PBXBuildFile; fileRef = 24F7430D272CF55A00238E20 /* CheckAuthNumberResponse.swift */; };
		24F74310272D028F00238E20 /* CheckNickNameDataManager.swift in Sources */ = {isa = PBXBuildFile; fileRef = 24F7430F272D028F00238E20 /* CheckNickNameDataManager.swift */; };
		24F74312272D02B400238E20 /* CheckNickNameRequest.swift in Sources */ = {isa = PBXBuildFile; fileRef = 24F74311272D02B400238E20 /* CheckNickNameRequest.swift */; };
		24F74314272D02BA00238E20 /* CheckNickNameResponse.swift in Sources */ = {isa = PBXBuildFile; fileRef = 24F74313272D02BA00238E20 /* CheckNickNameResponse.swift */; };
		24F74316272D0A5E00238E20 /* CheckUserDataManager.swift in Sources */ = {isa = PBXBuildFile; fileRef = 24F74315272D0A5E00238E20 /* CheckUserDataManager.swift */; };
		24F74318272D0A9C00238E20 /* CheckUserRequest.swift in Sources */ = {isa = PBXBuildFile; fileRef = 24F74317272D0A9C00238E20 /* CheckUserRequest.swift */; };
		24F7431A272D0AA900238E20 /* CheckUserResponse.swift in Sources */ = {isa = PBXBuildFile; fileRef = 24F74319272D0AA900238E20 /* CheckUserResponse.swift */; };
		24F7431C272D11B700238E20 /* ResetPasswordDataManager.swift in Sources */ = {isa = PBXBuildFile; fileRef = 24F7431B272D11B700238E20 /* ResetPasswordDataManager.swift */; };
		24F7431E272D11DC00238E20 /* ResetPasswordRequest.swift in Sources */ = {isa = PBXBuildFile; fileRef = 24F7431D272D11DC00238E20 /* ResetPasswordRequest.swift */; };
		24F74320272D11E400238E20 /* ResetPasswordResponse.swift in Sources */ = {isa = PBXBuildFile; fileRef = 24F7431F272D11E400238E20 /* ResetPasswordResponse.swift */; };
		24F74322272D166200238E20 /* RegisterUserDataManager.swift in Sources */ = {isa = PBXBuildFile; fileRef = 24F74321272D166200238E20 /* RegisterUserDataManager.swift */; };
		24F74324272D168000238E20 /* RegisterUserRequest.swift in Sources */ = {isa = PBXBuildFile; fileRef = 24F74323272D168000238E20 /* RegisterUserRequest.swift */; };
		24F74326272D168800238E20 /* RegisterUserResponse.swift in Sources */ = {isa = PBXBuildFile; fileRef = 24F74325272D168800238E20 /* RegisterUserResponse.swift */; };
		24F74328272D1D9900238E20 /* LoginDataManager.swift in Sources */ = {isa = PBXBuildFile; fileRef = 24F74327272D1D9900238E20 /* LoginDataManager.swift */; };
		24F7432A272D1E1200238E20 /* LoginRequest.swift in Sources */ = {isa = PBXBuildFile; fileRef = 24F74329272D1E1100238E20 /* LoginRequest.swift */; };
		24F7432C272D1E1D00238E20 /* LoginResponse.swift in Sources */ = {isa = PBXBuildFile; fileRef = 24F7432B272D1E1D00238E20 /* LoginResponse.swift */; };
		24F74330272DB4EE00238E20 /* HomeTabBarController.swift in Sources */ = {isa = PBXBuildFile; fileRef = 24F7432F272DB4EE00238E20 /* HomeTabBarController.swift */; };
		24F74332272DB68700238E20 /* PindergartenViewController.swift in Sources */ = {isa = PBXBuildFile; fileRef = 24F74331272DB68700238E20 /* PindergartenViewController.swift */; };
		24F74334272DB6AB00238E20 /* SearchViewController.swift in Sources */ = {isa = PBXBuildFile; fileRef = 24F74333272DB6AB00238E20 /* SearchViewController.swift */; };
		24F74336272DB6CC00238E20 /* MeAndPetViewController.swift in Sources */ = {isa = PBXBuildFile; fileRef = 24F74335272DB6CC00238E20 /* MeAndPetViewController.swift */; };
		24F74346272EF1CC00238E20 /* AppleSDGothicNeoEB.ttf in Resources */ = {isa = PBXBuildFile; fileRef = 24F74345272EF1CC00238E20 /* AppleSDGothicNeoEB.ttf */; };
		24F743482730330F00238E20 /* HomeCell.swift in Sources */ = {isa = PBXBuildFile; fileRef = 24F743472730330F00238E20 /* HomeCell.swift */; };
		24F7434A27303AFB00238E20 /* PinterestLayout.swift in Sources */ = {isa = PBXBuildFile; fileRef = 24F7434927303AFB00238E20 /* PinterestLayout.swift */; };
		24F7434F27306B8600238E20 /* EventViewController.swift in Sources */ = {isa = PBXBuildFile; fileRef = 24F7434E27306B8600238E20 /* EventViewController.swift */; };
		30DBCDDE0E47CB1A97F5EAC2 /* Pods_pindergarten_pindergartenUITests.framework in Frameworks */ = {isa = PBXBuildFile; fileRef = 93BF9369AB1EAA7DB6DA1A17 /* Pods_pindergarten_pindergartenUITests.framework */; };
		727E05025A1293FEFDB46744 /* Pods_pindergarten.framework in Frameworks */ = {isa = PBXBuildFile; fileRef = E8BCF539DD527F66AF2CF8F0 /* Pods_pindergarten.framework */; };
/* End PBXBuildFile section */

/* Begin PBXContainerItemProxy section */
		24C4D6BD2725423B00FD519D /* PBXContainerItemProxy */ = {
			isa = PBXContainerItemProxy;
			containerPortal = 24C4D69E2725423A00FD519D /* Project object */;
			proxyType = 1;
			remoteGlobalIDString = 24C4D6A52725423A00FD519D;
			remoteInfo = pindergarten;
		};
		24C4D6C82725423B00FD519D /* PBXContainerItemProxy */ = {
			isa = PBXContainerItemProxy;
			containerPortal = 24C4D69E2725423A00FD519D /* Project object */;
			proxyType = 1;
			remoteGlobalIDString = 24C4D6A52725423A00FD519D;
			remoteInfo = pindergarten;
		};
/* End PBXContainerItemProxy section */

/* Begin PBXFileReference section */
		240B8D752731685800078404 /* DetailEventController.swift */ = {isa = PBXFileReference; lastKnownFileType = sourcecode.swift; path = DetailEventController.swift; sourceTree = "<group>"; };
		240B8D77273168AE00078404 /* EventCommentController.swift */ = {isa = PBXFileReference; lastKnownFileType = sourcecode.swift; path = EventCommentController.swift; sourceTree = "<group>"; };
		240B8D7927316E8000078404 /* BaseCommentController.swift */ = {isa = PBXFileReference; lastKnownFileType = sourcecode.swift; path = BaseCommentController.swift; sourceTree = "<group>"; };
		240B8D7B2731A7F300078404 /* CommentCell.swift */ = {isa = PBXFileReference; lastKnownFileType = sourcecode.swift; path = CommentCell.swift; sourceTree = "<group>"; };
		240B8D82273268B300078404 /* GetAllFeedDataManager.swift */ = {isa = PBXFileReference; lastKnownFileType = sourcecode.swift; path = GetAllFeedDataManager.swift; sourceTree = "<group>"; };
		240B8D84273268C900078404 /* GetDetailFeedDataManager.swift */ = {isa = PBXFileReference; lastKnownFileType = sourcecode.swift; path = GetDetailFeedDataManager.swift; sourceTree = "<group>"; };
		240B8D8C273269E700078404 /* AllFeedResponse.swift */ = {isa = PBXFileReference; lastKnownFileType = sourcecode.swift; path = AllFeedResponse.swift; sourceTree = "<group>"; };
		240B8D8F27326CB000078404 /* DetailFeedController.swift */ = {isa = PBXFileReference; lastKnownFileType = sourcecode.swift; path = DetailFeedController.swift; sourceTree = "<group>"; };
		240B8D9327326D6E00078404 /* DetailFeedResponse.swift */ = {isa = PBXFileReference; lastKnownFileType = sourcecode.swift; path = DetailFeedResponse.swift; sourceTree = "<group>"; };
		24595AE1273123E1008B5194 /* EventCell.swift */ = {isa = PBXFileReference; lastKnownFileType = sourcecode.swift; path = EventCell.swift; sourceTree = "<group>"; };
		24595AE32732730A008B5194 /* DetailFeedCell.swift */ = {isa = PBXFileReference; lastKnownFileType = sourcecode.swift; path = DetailFeedCell.swift; sourceTree = "<group>"; };
		247B84302733068500591CC4 /* LikeDataManager.swift */ = {isa = PBXFileReference; lastKnownFileType = sourcecode.swift; path = LikeDataManager.swift; sourceTree = "<group>"; };
		247B8434273306CA00591CC4 /* LikeResponse.swift */ = {isa = PBXFileReference; lastKnownFileType = sourcecode.swift; path = LikeResponse.swift; sourceTree = "<group>"; };
		24C4D6A62725423A00FD519D /* pindergarten.app */ = {isa = PBXFileReference; explicitFileType = wrapper.application; includeInIndex = 0; path = pindergarten.app; sourceTree = BUILT_PRODUCTS_DIR; };
		24C4D6A92725423A00FD519D /* AppDelegate.swift */ = {isa = PBXFileReference; lastKnownFileType = sourcecode.swift; path = AppDelegate.swift; sourceTree = "<group>"; };
		24C4D6AB2725423A00FD519D /* SceneDelegate.swift */ = {isa = PBXFileReference; lastKnownFileType = sourcecode.swift; path = SceneDelegate.swift; sourceTree = "<group>"; };
		24C4D6B22725423B00FD519D /* Assets.xcassets */ = {isa = PBXFileReference; lastKnownFileType = folder.assetcatalog; path = Assets.xcassets; sourceTree = "<group>"; };
		24C4D6B52725423B00FD519D /* Base */ = {isa = PBXFileReference; lastKnownFileType = file.storyboard; name = Base; path = Base.lproj/LaunchScreen.storyboard; sourceTree = "<group>"; };
		24C4D6B72725423B00FD519D /* Info.plist */ = {isa = PBXFileReference; lastKnownFileType = text.plist.xml; path = Info.plist; sourceTree = "<group>"; };
		24C4D6BC2725423B00FD519D /* pindergartenTests.xctest */ = {isa = PBXFileReference; explicitFileType = wrapper.cfbundle; includeInIndex = 0; path = pindergartenTests.xctest; sourceTree = BUILT_PRODUCTS_DIR; };
		24C4D6C02725423B00FD519D /* pindergartenTests.swift */ = {isa = PBXFileReference; lastKnownFileType = sourcecode.swift; path = pindergartenTests.swift; sourceTree = "<group>"; };
		24C4D6C22725423B00FD519D /* Info.plist */ = {isa = PBXFileReference; lastKnownFileType = text.plist.xml; path = Info.plist; sourceTree = "<group>"; };
		24C4D6C72725423B00FD519D /* pindergartenUITests.xctest */ = {isa = PBXFileReference; explicitFileType = wrapper.cfbundle; includeInIndex = 0; path = pindergartenUITests.xctest; sourceTree = BUILT_PRODUCTS_DIR; };
		24C4D6CB2725423B00FD519D /* pindergartenUITests.swift */ = {isa = PBXFileReference; lastKnownFileType = sourcecode.swift; path = pindergartenUITests.swift; sourceTree = "<group>"; };
		24C4D6CD2725423B00FD519D /* Info.plist */ = {isa = PBXFileReference; lastKnownFileType = text.plist.xml; path = Info.plist; sourceTree = "<group>"; };
		24C4D6DC2725929800FD519D /* Constant.swift */ = {isa = PBXFileReference; lastKnownFileType = sourcecode.swift; path = Constant.swift; sourceTree = "<group>"; };
		24C4D6DF2725946C00FD519D /* JwtToken.swift */ = {isa = PBXFileReference; lastKnownFileType = sourcecode.swift; path = JwtToken.swift; sourceTree = "<group>"; };
		24C4D6E52725953300FD519D /* Date.swift */ = {isa = PBXFileReference; lastKnownFileType = sourcecode.swift; path = Date.swift; sourceTree = "<group>"; };
		24C4D6E72725956600FD519D /* String.swift */ = {isa = PBXFileReference; lastKnownFileType = sourcecode.swift; path = String.swift; sourceTree = "<group>"; };
		24C4D6E92725956D00FD519D /* Color.swift */ = {isa = PBXFileReference; lastKnownFileType = sourcecode.swift; path = Color.swift; sourceTree = "<group>"; };
		24C4D6EB272597DB00FD519D /* UIViewController.swift */ = {isa = PBXFileReference; lastKnownFileType = sourcecode.swift; path = UIViewController.swift; sourceTree = "<group>"; };
		24C4D6ED272597FF00FD519D /* IndicatorView.swift */ = {isa = PBXFileReference; lastKnownFileType = sourcecode.swift; path = IndicatorView.swift; sourceTree = "<group>"; };
		24C4D6EF2725982600FD519D /* Device.swift */ = {isa = PBXFileReference; lastKnownFileType = sourcecode.swift; path = Device.swift; sourceTree = "<group>"; };
		24C4D6F2272599DF00FD519D /* BaseViewController.swift */ = {isa = PBXFileReference; lastKnownFileType = sourcecode.swift; path = BaseViewController.swift; sourceTree = "<group>"; };
		24C4D6F527259B1800FD519D /* SplashViewController.swift */ = {isa = PBXFileReference; lastKnownFileType = sourcecode.swift; path = SplashViewController.swift; sourceTree = "<group>"; };
		24C4D6FB2727D6B300FD519D /* LoginViewController.swift */ = {isa = PBXFileReference; lastKnownFileType = sourcecode.swift; path = LoginViewController.swift; sourceTree = "<group>"; };
		24C4D6FF2727DE9300FD519D /* CustomTextField.swift */ = {isa = PBXFileReference; lastKnownFileType = sourcecode.swift; path = CustomTextField.swift; sourceTree = "<group>"; };
		24C4D7012727DFA500FD519D /* UIView.swift */ = {isa = PBXFileReference; lastKnownFileType = sourcecode.swift; path = UIView.swift; sourceTree = "<group>"; };
		24C4D7052728044E00FD519D /* SignUpNumberViewController.swift */ = {isa = PBXFileReference; lastKnownFileType = sourcecode.swift; path = SignUpNumberViewController.swift; sourceTree = "<group>"; };
		24C4D7092728229800FD519D /* View.xib */ = {isa = PBXFileReference; lastKnownFileType = file.xib; path = View.xib; sourceTree = "<group>"; };
		24C4D70D2728393500FD519D /* BMDOHYEON_otf.otf */ = {isa = PBXFileReference; lastKnownFileType = file; path = BMDOHYEON_otf.otf; sourceTree = "<group>"; };
		24C4D70E2728393500FD519D /* SDSwagger.otf */ = {isa = PBXFileReference; lastKnownFileType = file; path = SDSwagger.otf; sourceTree = "<group>"; };
		24C4D71327287A6200FD519D /* CustomNavBar.swift */ = {isa = PBXFileReference; lastKnownFileType = sourcecode.swift; path = CustomNavBar.swift; sourceTree = "<group>"; };
		24C4D7152728839600FD519D /* CustomInputView.swift */ = {isa = PBXFileReference; lastKnownFileType = sourcecode.swift; path = CustomInputView.swift; sourceTree = "<group>"; };
		24C4D7172729EAE600FD519D /* SignUpPasswordViewController.swift */ = {isa = PBXFileReference; lastKnownFileType = sourcecode.swift; path = SignUpPasswordViewController.swift; sourceTree = "<group>"; };
		24C4D7192729EDD800FD519D /* BaseSignUpViewController.swift */ = {isa = PBXFileReference; lastKnownFileType = sourcecode.swift; path = BaseSignUpViewController.swift; sourceTree = "<group>"; };
		24F742F7272C6C9100238E20 /* NickNameViewController.swift */ = {isa = PBXFileReference; lastKnownFileType = sourcecode.swift; path = NickNameViewController.swift; sourceTree = "<group>"; };
		24F742F9272C733F00238E20 /* FindPasswordViewController.swift */ = {isa = PBXFileReference; lastKnownFileType = sourcecode.swift; path = FindPasswordViewController.swift; sourceTree = "<group>"; };
		24F742FB272C770900238E20 /* ResetPasswordViewController.swift */ = {isa = PBXFileReference; lastKnownFileType = sourcecode.swift; path = ResetPasswordViewController.swift; sourceTree = "<group>"; };
		24F74302272CEBD800238E20 /* SendAuthNumberDataManager.swift */ = {isa = PBXFileReference; lastKnownFileType = sourcecode.swift; path = SendAuthNumberDataManager.swift; sourceTree = "<group>"; };
		24F74305272CEC2700238E20 /* SendAuthNumberResponse.swift */ = {isa = PBXFileReference; lastKnownFileType = sourcecode.swift; path = SendAuthNumberResponse.swift; sourceTree = "<group>"; };
		24F74307272CECCD00238E20 /* SendAuthNumberRequest.swift */ = {isa = PBXFileReference; lastKnownFileType = sourcecode.swift; path = SendAuthNumberRequest.swift; sourceTree = "<group>"; };
		24F74309272CF53800238E20 /* CheckAuthNumberDataManager.swift */ = {isa = PBXFileReference; lastKnownFileType = sourcecode.swift; path = CheckAuthNumberDataManager.swift; sourceTree = "<group>"; };
		24F7430B272CF55100238E20 /* CheckAuthNumberRequest.swift */ = {isa = PBXFileReference; lastKnownFileType = sourcecode.swift; path = CheckAuthNumberRequest.swift; sourceTree = "<group>"; };
		24F7430D272CF55A00238E20 /* CheckAuthNumberResponse.swift */ = {isa = PBXFileReference; lastKnownFileType = sourcecode.swift; path = CheckAuthNumberResponse.swift; sourceTree = "<group>"; };
		24F7430F272D028F00238E20 /* CheckNickNameDataManager.swift */ = {isa = PBXFileReference; lastKnownFileType = sourcecode.swift; path = CheckNickNameDataManager.swift; sourceTree = "<group>"; };
		24F74311272D02B400238E20 /* CheckNickNameRequest.swift */ = {isa = PBXFileReference; lastKnownFileType = sourcecode.swift; path = CheckNickNameRequest.swift; sourceTree = "<group>"; };
		24F74313272D02BA00238E20 /* CheckNickNameResponse.swift */ = {isa = PBXFileReference; lastKnownFileType = sourcecode.swift; path = CheckNickNameResponse.swift; sourceTree = "<group>"; };
		24F74315272D0A5E00238E20 /* CheckUserDataManager.swift */ = {isa = PBXFileReference; lastKnownFileType = sourcecode.swift; path = CheckUserDataManager.swift; sourceTree = "<group>"; };
		24F74317272D0A9C00238E20 /* CheckUserRequest.swift */ = {isa = PBXFileReference; lastKnownFileType = sourcecode.swift; path = CheckUserRequest.swift; sourceTree = "<group>"; };
		24F74319272D0AA900238E20 /* CheckUserResponse.swift */ = {isa = PBXFileReference; lastKnownFileType = sourcecode.swift; path = CheckUserResponse.swift; sourceTree = "<group>"; };
		24F7431B272D11B700238E20 /* ResetPasswordDataManager.swift */ = {isa = PBXFileReference; lastKnownFileType = sourcecode.swift; path = ResetPasswordDataManager.swift; sourceTree = "<group>"; };
		24F7431D272D11DC00238E20 /* ResetPasswordRequest.swift */ = {isa = PBXFileReference; lastKnownFileType = sourcecode.swift; path = ResetPasswordRequest.swift; sourceTree = "<group>"; };
		24F7431F272D11E400238E20 /* ResetPasswordResponse.swift */ = {isa = PBXFileReference; lastKnownFileType = sourcecode.swift; path = ResetPasswordResponse.swift; sourceTree = "<group>"; };
		24F74321272D166200238E20 /* RegisterUserDataManager.swift */ = {isa = PBXFileReference; lastKnownFileType = sourcecode.swift; path = RegisterUserDataManager.swift; sourceTree = "<group>"; };
		24F74323272D168000238E20 /* RegisterUserRequest.swift */ = {isa = PBXFileReference; lastKnownFileType = sourcecode.swift; path = RegisterUserRequest.swift; sourceTree = "<group>"; };
		24F74325272D168800238E20 /* RegisterUserResponse.swift */ = {isa = PBXFileReference; lastKnownFileType = sourcecode.swift; path = RegisterUserResponse.swift; sourceTree = "<group>"; };
		24F74327272D1D9900238E20 /* LoginDataManager.swift */ = {isa = PBXFileReference; lastKnownFileType = sourcecode.swift; path = LoginDataManager.swift; sourceTree = "<group>"; };
		24F74329272D1E1100238E20 /* LoginRequest.swift */ = {isa = PBXFileReference; lastKnownFileType = sourcecode.swift; path = LoginRequest.swift; sourceTree = "<group>"; };
		24F7432B272D1E1D00238E20 /* LoginResponse.swift */ = {isa = PBXFileReference; lastKnownFileType = sourcecode.swift; path = LoginResponse.swift; sourceTree = "<group>"; };
		24F7432F272DB4EE00238E20 /* HomeTabBarController.swift */ = {isa = PBXFileReference; lastKnownFileType = sourcecode.swift; path = HomeTabBarController.swift; sourceTree = "<group>"; };
		24F74331272DB68700238E20 /* PindergartenViewController.swift */ = {isa = PBXFileReference; lastKnownFileType = sourcecode.swift; path = PindergartenViewController.swift; sourceTree = "<group>"; };
		24F74333272DB6AB00238E20 /* SearchViewController.swift */ = {isa = PBXFileReference; lastKnownFileType = sourcecode.swift; path = SearchViewController.swift; sourceTree = "<group>"; };
		24F74335272DB6CC00238E20 /* MeAndPetViewController.swift */ = {isa = PBXFileReference; lastKnownFileType = sourcecode.swift; path = MeAndPetViewController.swift; sourceTree = "<group>"; };
		24F74345272EF1CC00238E20 /* AppleSDGothicNeoEB.ttf */ = {isa = PBXFileReference; lastKnownFileType = file; path = AppleSDGothicNeoEB.ttf; sourceTree = "<group>"; };
		24F743472730330F00238E20 /* HomeCell.swift */ = {isa = PBXFileReference; lastKnownFileType = sourcecode.swift; path = HomeCell.swift; sourceTree = "<group>"; };
		24F7434927303AFB00238E20 /* PinterestLayout.swift */ = {isa = PBXFileReference; lastKnownFileType = sourcecode.swift; path = PinterestLayout.swift; sourceTree = "<group>"; };
		24F7434E27306B8600238E20 /* EventViewController.swift */ = {isa = PBXFileReference; lastKnownFileType = sourcecode.swift; path = EventViewController.swift; sourceTree = "<group>"; };
		2B31FB682395B1475359C8E1 /* Pods-pindergartenTests.release.xcconfig */ = {isa = PBXFileReference; includeInIndex = 1; lastKnownFileType = text.xcconfig; name = "Pods-pindergartenTests.release.xcconfig"; path = "Target Support Files/Pods-pindergartenTests/Pods-pindergartenTests.release.xcconfig"; sourceTree = "<group>"; };
		4815660692CFCCFE76EF034E /* Pods_pindergartenTests.framework */ = {isa = PBXFileReference; explicitFileType = wrapper.framework; includeInIndex = 0; path = Pods_pindergartenTests.framework; sourceTree = BUILT_PRODUCTS_DIR; };
		6DD568A7A64EBA83755BB587 /* Pods-pindergarten.release.xcconfig */ = {isa = PBXFileReference; includeInIndex = 1; lastKnownFileType = text.xcconfig; name = "Pods-pindergarten.release.xcconfig"; path = "Target Support Files/Pods-pindergarten/Pods-pindergarten.release.xcconfig"; sourceTree = "<group>"; };
		8AB0308F840462634BE671AD /* Pods-pindergarten-pindergartenUITests.release.xcconfig */ = {isa = PBXFileReference; includeInIndex = 1; lastKnownFileType = text.xcconfig; name = "Pods-pindergarten-pindergartenUITests.release.xcconfig"; path = "Target Support Files/Pods-pindergarten-pindergartenUITests/Pods-pindergarten-pindergartenUITests.release.xcconfig"; sourceTree = "<group>"; };
		93BF9369AB1EAA7DB6DA1A17 /* Pods_pindergarten_pindergartenUITests.framework */ = {isa = PBXFileReference; explicitFileType = wrapper.framework; includeInIndex = 0; path = Pods_pindergarten_pindergartenUITests.framework; sourceTree = BUILT_PRODUCTS_DIR; };
		9BFB8A38A8E44AC7D3C0EFC8 /* Pods-pindergarten-pindergartenUITests.debug.xcconfig */ = {isa = PBXFileReference; includeInIndex = 1; lastKnownFileType = text.xcconfig; name = "Pods-pindergarten-pindergartenUITests.debug.xcconfig"; path = "Target Support Files/Pods-pindergarten-pindergartenUITests/Pods-pindergarten-pindergartenUITests.debug.xcconfig"; sourceTree = "<group>"; };
		BA10CCBCAC9F0CE752428F57 /* Pods-pindergartenTests.debug.xcconfig */ = {isa = PBXFileReference; includeInIndex = 1; lastKnownFileType = text.xcconfig; name = "Pods-pindergartenTests.debug.xcconfig"; path = "Target Support Files/Pods-pindergartenTests/Pods-pindergartenTests.debug.xcconfig"; sourceTree = "<group>"; };
		CEB838AA6C898D27DCC976E1 /* Pods-pindergarten.debug.xcconfig */ = {isa = PBXFileReference; includeInIndex = 1; lastKnownFileType = text.xcconfig; name = "Pods-pindergarten.debug.xcconfig"; path = "Target Support Files/Pods-pindergarten/Pods-pindergarten.debug.xcconfig"; sourceTree = "<group>"; };
		E8BCF539DD527F66AF2CF8F0 /* Pods_pindergarten.framework */ = {isa = PBXFileReference; explicitFileType = wrapper.framework; includeInIndex = 0; path = Pods_pindergarten.framework; sourceTree = BUILT_PRODUCTS_DIR; };
/* End PBXFileReference section */

/* Begin PBXFrameworksBuildPhase section */
		24C4D6A32725423A00FD519D /* Frameworks */ = {
			isa = PBXFrameworksBuildPhase;
			buildActionMask = 2147483647;
			files = (
				727E05025A1293FEFDB46744 /* Pods_pindergarten.framework in Frameworks */,
			);
			runOnlyForDeploymentPostprocessing = 0;
		};
		24C4D6B92725423B00FD519D /* Frameworks */ = {
			isa = PBXFrameworksBuildPhase;
			buildActionMask = 2147483647;
			files = (
				1B8DA403E715044B695F9FC8 /* Pods_pindergartenTests.framework in Frameworks */,
			);
			runOnlyForDeploymentPostprocessing = 0;
		};
		24C4D6C42725423B00FD519D /* Frameworks */ = {
			isa = PBXFrameworksBuildPhase;
			buildActionMask = 2147483647;
			files = (
				30DBCDDE0E47CB1A97F5EAC2 /* Pods_pindergarten_pindergartenUITests.framework in Frameworks */,
			);
			runOnlyForDeploymentPostprocessing = 0;
		};
/* End PBXFrameworksBuildPhase section */

/* Begin PBXGroup section */
		12903833E32E47FE42A18C8F /* Pods */ = {
			isa = PBXGroup;
			children = (
				CEB838AA6C898D27DCC976E1 /* Pods-pindergarten.debug.xcconfig */,
				6DD568A7A64EBA83755BB587 /* Pods-pindergarten.release.xcconfig */,
				9BFB8A38A8E44AC7D3C0EFC8 /* Pods-pindergarten-pindergartenUITests.debug.xcconfig */,
				8AB0308F840462634BE671AD /* Pods-pindergarten-pindergartenUITests.release.xcconfig */,
				BA10CCBCAC9F0CE752428F57 /* Pods-pindergartenTests.debug.xcconfig */,
				2B31FB682395B1475359C8E1 /* Pods-pindergartenTests.release.xcconfig */,
			);
			path = Pods;
			sourceTree = "<group>";
		};
		240B8D812732689700078404 /* Entity */ = {
			isa = PBXGroup;
			children = (
				240B8D8C273269E700078404 /* AllFeedResponse.swift */,
				240B8D9327326D6E00078404 /* DetailFeedResponse.swift */,
				247B8434273306CA00591CC4 /* LikeResponse.swift */,
			);
			path = Entity;
			sourceTree = "<group>";
		};
		240B8D8E27326C9D00078404 /* Feed */ = {
			isa = PBXGroup;
			children = (
				240B8D8F27326CB000078404 /* DetailFeedController.swift */,
			);
			path = Feed;
			sourceTree = "<group>";
		};
		24C4D69D2725423A00FD519D = {
			isa = PBXGroup;
			children = (
				24C4D6A82725423A00FD519D /* pindergarten */,
				24C4D6BF2725423B00FD519D /* pindergartenTests */,
				24C4D6CA2725423B00FD519D /* pindergartenUITests */,
				24C4D6A72725423A00FD519D /* Products */,
				12903833E32E47FE42A18C8F /* Pods */,
				F46CB97A3A9F913F32CA2ECD /* Frameworks */,
			);
			sourceTree = "<group>";
		};
		24C4D6A72725423A00FD519D /* Products */ = {
			isa = PBXGroup;
			children = (
				24C4D6A62725423A00FD519D /* pindergarten.app */,
				24C4D6BC2725423B00FD519D /* pindergartenTests.xctest */,
				24C4D6C72725423B00FD519D /* pindergartenUITests.xctest */,
			);
			name = Products;
			sourceTree = "<group>";
		};
		24C4D6A82725423A00FD519D /* pindergarten */ = {
			isa = PBXGroup;
			children = (
				24C4D6DB2725928B00FD519D /* Configuration */,
				24C4D6F427259B0A00FD519D /* Splash */,
				24C4D6F827259C2E00FD519D /* Model */,
				24C4D6F927259C3100FD519D /* View */,
				24C4D6F727259C0A00FD519D /* Controller */,
				24F74335272DB6CC00238E20 /* MeAndPetViewController.swift */,
				24F74333272DB6AB00238E20 /* SearchViewController.swift */,
				24F74300272CEBA300238E20 /* Networking */,
				24C4D6A92725423A00FD519D /* AppDelegate.swift */,
				24C4D6AB2725423A00FD519D /* SceneDelegate.swift */,
				24C4D6B22725423B00FD519D /* Assets.xcassets */,
				24C4D6B42725423B00FD519D /* LaunchScreen.storyboard */,
				24C4D6B72725423B00FD519D /* Info.plist */,
			);
			path = pindergarten;
			sourceTree = "<group>";
		};
		24C4D6BF2725423B00FD519D /* pindergartenTests */ = {
			isa = PBXGroup;
			children = (
				24C4D6C02725423B00FD519D /* pindergartenTests.swift */,
				24C4D6C22725423B00FD519D /* Info.plist */,
			);
			path = pindergartenTests;
			sourceTree = "<group>";
		};
		24C4D6CA2725423B00FD519D /* pindergartenUITests */ = {
			isa = PBXGroup;
			children = (
				24C4D6CB2725423B00FD519D /* pindergartenUITests.swift */,
				24C4D6CD2725423B00FD519D /* Info.plist */,
			);
			path = pindergartenUITests;
			sourceTree = "<group>";
		};
		24C4D6DB2725928B00FD519D /* Configuration */ = {
			isa = PBXGroup;
			children = (
				24C4D6DC2725929800FD519D /* Constant.swift */,
				24C4D7092728229800FD519D /* View.xib */,
				24C4D6DE2725945500FD519D /* Secret */,
				24C4D6E2272594D600FD519D /* Font */,
				24C4D6E12725949900FD519D /* Extension */,
				24C4D6E4272594E600FD519D /* CommonClass */,
				24C4D6F1272599CD00FD519D /* Base */,
			);
			path = Configuration;
			sourceTree = "<group>";
		};
		24C4D6DE2725945500FD519D /* Secret */ = {
			isa = PBXGroup;
			children = (
				24C4D6DF2725946C00FD519D /* JwtToken.swift */,
			);
			path = Secret;
			sourceTree = "<group>";
		};
		24C4D6E12725949900FD519D /* Extension */ = {
			isa = PBXGroup;
			children = (
				24C4D6E52725953300FD519D /* Date.swift */,
				24C4D6E72725956600FD519D /* String.swift */,
				24C4D6E92725956D00FD519D /* Color.swift */,
				24C4D6EB272597DB00FD519D /* UIViewController.swift */,
				24C4D7012727DFA500FD519D /* UIView.swift */,
			);
			path = Extension;
			sourceTree = "<group>";
		};
		24C4D6E2272594D600FD519D /* Font */ = {
			isa = PBXGroup;
			children = (
				24C4D70D2728393500FD519D /* BMDOHYEON_otf.otf */,
				24F74345272EF1CC00238E20 /* AppleSDGothicNeoEB.ttf */,
				24C4D70E2728393500FD519D /* SDSwagger.otf */,
			);
			path = Font;
			sourceTree = "<group>";
		};
		24C4D6E4272594E600FD519D /* CommonClass */ = {
			isa = PBXGroup;
			children = (
				24C4D6ED272597FF00FD519D /* IndicatorView.swift */,
				24C4D6EF2725982600FD519D /* Device.swift */,
			);
			path = CommonClass;
			sourceTree = "<group>";
		};
		24C4D6F1272599CD00FD519D /* Base */ = {
			isa = PBXGroup;
			children = (
				24C4D6F2272599DF00FD519D /* BaseViewController.swift */,
				24C4D7192729EDD800FD519D /* BaseSignUpViewController.swift */,
				240B8D7927316E8000078404 /* BaseCommentController.swift */,
			);
			path = Base;
			sourceTree = "<group>";
		};
		24C4D6F427259B0A00FD519D /* Splash */ = {
			isa = PBXGroup;
			children = (
				24C4D6F527259B1800FD519D /* SplashViewController.swift */,
			);
			path = Splash;
			sourceTree = "<group>";
		};
		24C4D6F727259C0A00FD519D /* Controller */ = {
			isa = PBXGroup;
			children = (
				24F7432F272DB4EE00238E20 /* HomeTabBarController.swift */,
				24C4D6FA2727D69A00FD519D /* Login */,
				24F7432E272DA1EB00238E20 /* Pindergarten */,
			);
			path = Controller;
			sourceTree = "<group>";
		};
		24C4D6F827259C2E00FD519D /* Model */ = {
			isa = PBXGroup;
			children = (
			);
			path = Model;
			sourceTree = "<group>";
		};
		24C4D6F927259C3100FD519D /* View */ = {
			isa = PBXGroup;
			children = (
				24C4D6FF2727DE9300FD519D /* CustomTextField.swift */,
				24C4D71327287A6200FD519D /* CustomNavBar.swift */,
				24C4D7152728839600FD519D /* CustomInputView.swift */,
				24F743472730330F00238E20 /* HomeCell.swift */,
				24595AE1273123E1008B5194 /* EventCell.swift */,
				240B8D7B2731A7F300078404 /* CommentCell.swift */,
				24595AE32732730A008B5194 /* DetailFeedCell.swift */,
				24F7434927303AFB00238E20 /* PinterestLayout.swift */,
			);
			path = View;
			sourceTree = "<group>";
		};
		24C4D6FA2727D69A00FD519D /* Login */ = {
			isa = PBXGroup;
			children = (
				24C4D6FB2727D6B300FD519D /* LoginViewController.swift */,
				24C4D7052728044E00FD519D /* SignUpNumberViewController.swift */,
				24C4D7172729EAE600FD519D /* SignUpPasswordViewController.swift */,
				24F742F7272C6C9100238E20 /* NickNameViewController.swift */,
				24F742F9272C733F00238E20 /* FindPasswordViewController.swift */,
				24F742FB272C770900238E20 /* ResetPasswordViewController.swift */,
			);
			path = Login;
			sourceTree = "<group>";
		};
		24F74300272CEBA300238E20 /* Networking */ = {
			isa = PBXGroup;
			children = (
				24F74301272CEBAB00238E20 /* User */,
				24F7432D272DA1D500238E20 /* Community */,
			);
			path = Networking;
			sourceTree = "<group>";
		};
		24F74301272CEBAB00238E20 /* User */ = {
			isa = PBXGroup;
			children = (
				24F74327272D1D9900238E20 /* LoginDataManager.swift */,
				24F74315272D0A5E00238E20 /* CheckUserDataManager.swift */,
				24F74302272CEBD800238E20 /* SendAuthNumberDataManager.swift */,
				24F74309272CF53800238E20 /* CheckAuthNumberDataManager.swift */,
				24F7430F272D028F00238E20 /* CheckNickNameDataManager.swift */,
				24F74321272D166200238E20 /* RegisterUserDataManager.swift */,
				24F7431B272D11B700238E20 /* ResetPasswordDataManager.swift */,
				24F74304272CEC0D00238E20 /* Entity */,
			);
			path = User;
			sourceTree = "<group>";
		};
		24F74304272CEC0D00238E20 /* Entity */ = {
			isa = PBXGroup;
			children = (
				24F74329272D1E1100238E20 /* LoginRequest.swift */,
				24F7432B272D1E1D00238E20 /* LoginResponse.swift */,
				24F74307272CECCD00238E20 /* SendAuthNumberRequest.swift */,
				24F74305272CEC2700238E20 /* SendAuthNumberResponse.swift */,
				24F7430B272CF55100238E20 /* CheckAuthNumberRequest.swift */,
				24F7430D272CF55A00238E20 /* CheckAuthNumberResponse.swift */,
				24F74311272D02B400238E20 /* CheckNickNameRequest.swift */,
				24F74313272D02BA00238E20 /* CheckNickNameResponse.swift */,
				24F74323272D168000238E20 /* RegisterUserRequest.swift */,
				24F74325272D168800238E20 /* RegisterUserResponse.swift */,
				24F74317272D0A9C00238E20 /* CheckUserRequest.swift */,
				24F74319272D0AA900238E20 /* CheckUserResponse.swift */,
				24F7431D272D11DC00238E20 /* ResetPasswordRequest.swift */,
				24F7431F272D11E400238E20 /* ResetPasswordResponse.swift */,
			);
			path = Entity;
			sourceTree = "<group>";
		};
		24F7432D272DA1D500238E20 /* Community */ = {
			isa = PBXGroup;
			children = (
				240B8D82273268B300078404 /* GetAllFeedDataManager.swift */,
				240B8D84273268C900078404 /* GetDetailFeedDataManager.swift */,
				247B84302733068500591CC4 /* LikeDataManager.swift */,
				240B8D812732689700078404 /* Entity */,
			);
			path = Community;
			sourceTree = "<group>";
		};
		24F7432E272DA1EB00238E20 /* Pindergarten */ = {
			isa = PBXGroup;
			children = (
				24F74331272DB68700238E20 /* PindergartenViewController.swift */,
				240B8D8E27326C9D00078404 /* Feed */,
				24F7434D27306B7900238E20 /* Event */,
			);
			path = Pindergarten;
			sourceTree = "<group>";
		};
		24F7434D27306B7900238E20 /* Event */ = {
			isa = PBXGroup;
			children = (
				24F7434E27306B8600238E20 /* EventViewController.swift */,
				240B8D752731685800078404 /* DetailEventController.swift */,
				240B8D77273168AE00078404 /* EventCommentController.swift */,
			);
			path = Event;
			sourceTree = "<group>";
		};
		F46CB97A3A9F913F32CA2ECD /* Frameworks */ = {
			isa = PBXGroup;
			children = (
				E8BCF539DD527F66AF2CF8F0 /* Pods_pindergarten.framework */,
				93BF9369AB1EAA7DB6DA1A17 /* Pods_pindergarten_pindergartenUITests.framework */,
				4815660692CFCCFE76EF034E /* Pods_pindergartenTests.framework */,
			);
			name = Frameworks;
			sourceTree = "<group>";
		};
/* End PBXGroup section */

/* Begin PBXNativeTarget section */
		24C4D6A52725423A00FD519D /* pindergarten */ = {
			isa = PBXNativeTarget;
			buildConfigurationList = 24C4D6D02725423B00FD519D /* Build configuration list for PBXNativeTarget "pindergarten" */;
			buildPhases = (
				83744181A8A5D14C3C0DBB69 /* [CP] Check Pods Manifest.lock */,
				24C4D6A22725423A00FD519D /* Sources */,
				24C4D6A32725423A00FD519D /* Frameworks */,
				24C4D6A42725423A00FD519D /* Resources */,
				A95ECDEB4BD29672F13D8C47 /* [CP] Embed Pods Frameworks */,
			);
			buildRules = (
			);
			dependencies = (
			);
			name = pindergarten;
			productName = pindergarten;
			productReference = 24C4D6A62725423A00FD519D /* pindergarten.app */;
			productType = "com.apple.product-type.application";
		};
		24C4D6BB2725423B00FD519D /* pindergartenTests */ = {
			isa = PBXNativeTarget;
			buildConfigurationList = 24C4D6D32725423B00FD519D /* Build configuration list for PBXNativeTarget "pindergartenTests" */;
			buildPhases = (
				0E5085C16527DB373556E795 /* [CP] Check Pods Manifest.lock */,
				24C4D6B82725423B00FD519D /* Sources */,
				24C4D6B92725423B00FD519D /* Frameworks */,
				24C4D6BA2725423B00FD519D /* Resources */,
			);
			buildRules = (
			);
			dependencies = (
				24C4D6BE2725423B00FD519D /* PBXTargetDependency */,
			);
			name = pindergartenTests;
			productName = pindergartenTests;
			productReference = 24C4D6BC2725423B00FD519D /* pindergartenTests.xctest */;
			productType = "com.apple.product-type.bundle.unit-test";
		};
		24C4D6C62725423B00FD519D /* pindergartenUITests */ = {
			isa = PBXNativeTarget;
			buildConfigurationList = 24C4D6D62725423B00FD519D /* Build configuration list for PBXNativeTarget "pindergartenUITests" */;
			buildPhases = (
				A1948331501EF6E28E163951 /* [CP] Check Pods Manifest.lock */,
				24C4D6C32725423B00FD519D /* Sources */,
				24C4D6C42725423B00FD519D /* Frameworks */,
				24C4D6C52725423B00FD519D /* Resources */,
				859AB7F459A74657BDDE944B /* [CP] Embed Pods Frameworks */,
			);
			buildRules = (
			);
			dependencies = (
				24C4D6C92725423B00FD519D /* PBXTargetDependency */,
			);
			name = pindergartenUITests;
			productName = pindergartenUITests;
			productReference = 24C4D6C72725423B00FD519D /* pindergartenUITests.xctest */;
			productType = "com.apple.product-type.bundle.ui-testing";
		};
/* End PBXNativeTarget section */

/* Begin PBXProject section */
		24C4D69E2725423A00FD519D /* Project object */ = {
			isa = PBXProject;
			attributes = {
				LastSwiftUpdateCheck = 1250;
				LastUpgradeCheck = 1250;
				TargetAttributes = {
					24C4D6A52725423A00FD519D = {
						CreatedOnToolsVersion = 12.5;
					};
					24C4D6BB2725423B00FD519D = {
						CreatedOnToolsVersion = 12.5;
						TestTargetID = 24C4D6A52725423A00FD519D;
					};
					24C4D6C62725423B00FD519D = {
						CreatedOnToolsVersion = 12.5;
						TestTargetID = 24C4D6A52725423A00FD519D;
					};
				};
			};
			buildConfigurationList = 24C4D6A12725423A00FD519D /* Build configuration list for PBXProject "pindergarten" */;
			compatibilityVersion = "Xcode 9.3";
			developmentRegion = en;
			hasScannedForEncodings = 0;
			knownRegions = (
				en,
				Base,
			);
			mainGroup = 24C4D69D2725423A00FD519D;
			productRefGroup = 24C4D6A72725423A00FD519D /* Products */;
			projectDirPath = "";
			projectRoot = "";
			targets = (
				24C4D6A52725423A00FD519D /* pindergarten */,
				24C4D6BB2725423B00FD519D /* pindergartenTests */,
				24C4D6C62725423B00FD519D /* pindergartenUITests */,
			);
		};
/* End PBXProject section */

/* Begin PBXResourcesBuildPhase section */
		24C4D6A42725423A00FD519D /* Resources */ = {
			isa = PBXResourcesBuildPhase;
			buildActionMask = 2147483647;
			files = (
				24C4D6B62725423B00FD519D /* LaunchScreen.storyboard in Resources */,
				24C4D7102728393500FD519D /* SDSwagger.otf in Resources */,
				24C4D70F2728393500FD519D /* BMDOHYEON_otf.otf in Resources */,
				24C4D70A2728229800FD519D /* View.xib in Resources */,
				24F74346272EF1CC00238E20 /* AppleSDGothicNeoEB.ttf in Resources */,
				24C4D6B32725423B00FD519D /* Assets.xcassets in Resources */,
			);
			runOnlyForDeploymentPostprocessing = 0;
		};
		24C4D6BA2725423B00FD519D /* Resources */ = {
			isa = PBXResourcesBuildPhase;
			buildActionMask = 2147483647;
			files = (
			);
			runOnlyForDeploymentPostprocessing = 0;
		};
		24C4D6C52725423B00FD519D /* Resources */ = {
			isa = PBXResourcesBuildPhase;
			buildActionMask = 2147483647;
			files = (
			);
			runOnlyForDeploymentPostprocessing = 0;
		};
/* End PBXResourcesBuildPhase section */

/* Begin PBXShellScriptBuildPhase section */
		0E5085C16527DB373556E795 /* [CP] Check Pods Manifest.lock */ = {
			isa = PBXShellScriptBuildPhase;
			buildActionMask = 2147483647;
			files = (
			);
			inputFileListPaths = (
			);
			inputPaths = (
				"${PODS_PODFILE_DIR_PATH}/Podfile.lock",
				"${PODS_ROOT}/Manifest.lock",
			);
			name = "[CP] Check Pods Manifest.lock";
			outputFileListPaths = (
			);
			outputPaths = (
				"$(DERIVED_FILE_DIR)/Pods-pindergartenTests-checkManifestLockResult.txt",
			);
			runOnlyForDeploymentPostprocessing = 0;
			shellPath = /bin/sh;
			shellScript = "diff \"${PODS_PODFILE_DIR_PATH}/Podfile.lock\" \"${PODS_ROOT}/Manifest.lock\" > /dev/null\nif [ $? != 0 ] ; then\n    # print error to STDERR\n    echo \"error: The sandbox is not in sync with the Podfile.lock. Run 'pod install' or update your CocoaPods installation.\" >&2\n    exit 1\nfi\n# This output is used by Xcode 'outputs' to avoid re-running this script phase.\necho \"SUCCESS\" > \"${SCRIPT_OUTPUT_FILE_0}\"\n";
			showEnvVarsInLog = 0;
		};
		83744181A8A5D14C3C0DBB69 /* [CP] Check Pods Manifest.lock */ = {
			isa = PBXShellScriptBuildPhase;
			buildActionMask = 2147483647;
			files = (
			);
			inputFileListPaths = (
			);
			inputPaths = (
				"${PODS_PODFILE_DIR_PATH}/Podfile.lock",
				"${PODS_ROOT}/Manifest.lock",
			);
			name = "[CP] Check Pods Manifest.lock";
			outputFileListPaths = (
			);
			outputPaths = (
				"$(DERIVED_FILE_DIR)/Pods-pindergarten-checkManifestLockResult.txt",
			);
			runOnlyForDeploymentPostprocessing = 0;
			shellPath = /bin/sh;
			shellScript = "diff \"${PODS_PODFILE_DIR_PATH}/Podfile.lock\" \"${PODS_ROOT}/Manifest.lock\" > /dev/null\nif [ $? != 0 ] ; then\n    # print error to STDERR\n    echo \"error: The sandbox is not in sync with the Podfile.lock. Run 'pod install' or update your CocoaPods installation.\" >&2\n    exit 1\nfi\n# This output is used by Xcode 'outputs' to avoid re-running this script phase.\necho \"SUCCESS\" > \"${SCRIPT_OUTPUT_FILE_0}\"\n";
			showEnvVarsInLog = 0;
		};
		859AB7F459A74657BDDE944B /* [CP] Embed Pods Frameworks */ = {
			isa = PBXShellScriptBuildPhase;
			buildActionMask = 2147483647;
			files = (
			);
			inputFileListPaths = (
				"${PODS_ROOT}/Target Support Files/Pods-pindergarten-pindergartenUITests/Pods-pindergarten-pindergartenUITests-frameworks-${CONFIGURATION}-input-files.xcfilelist",
			);
			name = "[CP] Embed Pods Frameworks";
			outputFileListPaths = (
				"${PODS_ROOT}/Target Support Files/Pods-pindergarten-pindergartenUITests/Pods-pindergarten-pindergartenUITests-frameworks-${CONFIGURATION}-output-files.xcfilelist",
			);
			runOnlyForDeploymentPostprocessing = 0;
			shellPath = /bin/sh;
			shellScript = "\"${PODS_ROOT}/Target Support Files/Pods-pindergarten-pindergartenUITests/Pods-pindergarten-pindergartenUITests-frameworks.sh\"\n";
			showEnvVarsInLog = 0;
		};
		A1948331501EF6E28E163951 /* [CP] Check Pods Manifest.lock */ = {
			isa = PBXShellScriptBuildPhase;
			buildActionMask = 2147483647;
			files = (
			);
			inputFileListPaths = (
			);
			inputPaths = (
				"${PODS_PODFILE_DIR_PATH}/Podfile.lock",
				"${PODS_ROOT}/Manifest.lock",
			);
			name = "[CP] Check Pods Manifest.lock";
			outputFileListPaths = (
			);
			outputPaths = (
				"$(DERIVED_FILE_DIR)/Pods-pindergarten-pindergartenUITests-checkManifestLockResult.txt",
			);
			runOnlyForDeploymentPostprocessing = 0;
			shellPath = /bin/sh;
			shellScript = "diff \"${PODS_PODFILE_DIR_PATH}/Podfile.lock\" \"${PODS_ROOT}/Manifest.lock\" > /dev/null\nif [ $? != 0 ] ; then\n    # print error to STDERR\n    echo \"error: The sandbox is not in sync with the Podfile.lock. Run 'pod install' or update your CocoaPods installation.\" >&2\n    exit 1\nfi\n# This output is used by Xcode 'outputs' to avoid re-running this script phase.\necho \"SUCCESS\" > \"${SCRIPT_OUTPUT_FILE_0}\"\n";
			showEnvVarsInLog = 0;
		};
		A95ECDEB4BD29672F13D8C47 /* [CP] Embed Pods Frameworks */ = {
			isa = PBXShellScriptBuildPhase;
			buildActionMask = 2147483647;
			files = (
			);
			inputFileListPaths = (
				"${PODS_ROOT}/Target Support Files/Pods-pindergarten/Pods-pindergarten-frameworks-${CONFIGURATION}-input-files.xcfilelist",
			);
			name = "[CP] Embed Pods Frameworks";
			outputFileListPaths = (
				"${PODS_ROOT}/Target Support Files/Pods-pindergarten/Pods-pindergarten-frameworks-${CONFIGURATION}-output-files.xcfilelist",
			);
			runOnlyForDeploymentPostprocessing = 0;
			shellPath = /bin/sh;
			shellScript = "\"${PODS_ROOT}/Target Support Files/Pods-pindergarten/Pods-pindergarten-frameworks.sh\"\n";
			showEnvVarsInLog = 0;
		};
/* End PBXShellScriptBuildPhase section */

/* Begin PBXSourcesBuildPhase section */
		24C4D6A22725423A00FD519D /* Sources */ = {
			isa = PBXSourcesBuildPhase;
			buildActionMask = 2147483647;
			files = (
				24F742F8272C6C9100238E20 /* NickNameViewController.swift in Sources */,
				24C4D71427287A6200FD519D /* CustomNavBar.swift in Sources */,
				24F7432C272D1E1D00238E20 /* LoginResponse.swift in Sources */,
				24C4D6F3272599DF00FD519D /* BaseViewController.swift in Sources */,
				240B8D9027326CB000078404 /* DetailFeedController.swift in Sources */,
				24F74336272DB6CC00238E20 /* MeAndPetViewController.swift in Sources */,
				24F742FA272C733F00238E20 /* FindPasswordViewController.swift in Sources */,
				24F7430C272CF55100238E20 /* CheckAuthNumberRequest.swift in Sources */,
				24F74322272D166200238E20 /* RegisterUserDataManager.swift in Sources */,
				240B8D78273168AE00078404 /* EventCommentController.swift in Sources */,
				24F7431A272D0AA900238E20 /* CheckUserResponse.swift in Sources */,
				24C4D6AA2725423A00FD519D /* AppDelegate.swift in Sources */,
				240B8D83273268B300078404 /* GetAllFeedDataManager.swift in Sources */,
				24F7434A27303AFB00238E20 /* PinterestLayout.swift in Sources */,
				24F74314272D02BA00238E20 /* CheckNickNameResponse.swift in Sources */,
				24C4D6FC2727D6B300FD519D /* LoginViewController.swift in Sources */,
				247B84312733068500591CC4 /* LikeDataManager.swift in Sources */,
				24F74328272D1D9900238E20 /* LoginDataManager.swift in Sources */,
				24F742FC272C770900238E20 /* ResetPasswordViewController.swift in Sources */,
				24F74320272D11E400238E20 /* ResetPasswordResponse.swift in Sources */,
				24F74312272D02B400238E20 /* CheckNickNameRequest.swift in Sources */,
				240B8D85273268C900078404 /* GetDetailFeedDataManager.swift in Sources */,
				24F74318272D0A9C00238E20 /* CheckUserRequest.swift in Sources */,
				24C4D7002727DE9300FD519D /* CustomTextField.swift in Sources */,
				24C4D6E62725953400FD519D /* Date.swift in Sources */,
				24595AE2273123E1008B5194 /* EventCell.swift in Sources */,
				24F7432A272D1E1200238E20 /* LoginRequest.swift in Sources */,
				240B8D762731685800078404 /* DetailEventController.swift in Sources */,
				24C4D7062728044E00FD519D /* SignUpNumberViewController.swift in Sources */,
				24F7431C272D11B700238E20 /* ResetPasswordDataManager.swift in Sources */,
				24F743482730330F00238E20 /* HomeCell.swift in Sources */,
				24F7430E272CF55A00238E20 /* CheckAuthNumberResponse.swift in Sources */,
				24F74326272D168800238E20 /* RegisterUserResponse.swift in Sources */,
				24C4D6F02725982600FD519D /* Device.swift in Sources */,
				24C4D6F627259B1800FD519D /* SplashViewController.swift in Sources */,
				24C4D6DD2725929800FD519D /* Constant.swift in Sources */,
				24F74303272CEBD800238E20 /* SendAuthNumberDataManager.swift in Sources */,
				24F74316272D0A5E00238E20 /* CheckUserDataManager.swift in Sources */,
				24F74306272CEC2700238E20 /* SendAuthNumberResponse.swift in Sources */,
				24F74310272D028F00238E20 /* CheckNickNameDataManager.swift in Sources */,
				24F74324272D168000238E20 /* RegisterUserRequest.swift in Sources */,
				24C4D6EE272597FF00FD519D /* IndicatorView.swift in Sources */,
				24F7431E272D11DC00238E20 /* ResetPasswordRequest.swift in Sources */,
				24C4D6EC272597DB00FD519D /* UIViewController.swift in Sources */,
				24F74330272DB4EE00238E20 /* HomeTabBarController.swift in Sources */,
				24F7430A272CF53800238E20 /* CheckAuthNumberDataManager.swift in Sources */,
				240B8D7A27316E8000078404 /* BaseCommentController.swift in Sources */,
				24C4D6AC2725423A00FD519D /* SceneDelegate.swift in Sources */,
				24F74308272CECCD00238E20 /* SendAuthNumberRequest.swift in Sources */,
				24C4D7022727DFA500FD519D /* UIView.swift in Sources */,
				24C4D6E82725956600FD519D /* String.swift in Sources */,
				240B8D8D273269E700078404 /* AllFeedResponse.swift in Sources */,
				240B8D9427326D6E00078404 /* DetailFeedResponse.swift in Sources */,
				24595AE42732730A008B5194 /* DetailFeedCell.swift in Sources */,
				24F74332272DB68700238E20 /* PindergartenViewController.swift in Sources */,
				24F74334272DB6AB00238E20 /* SearchViewController.swift in Sources */,
				24C4D71A2729EDD800FD519D /* BaseSignUpViewController.swift in Sources */,
				247B8435273306CA00591CC4 /* LikeResponse.swift in Sources */,
				24C4D6E02725946C00FD519D /* JwtToken.swift in Sources */,
				24C4D7182729EAE600FD519D /* SignUpPasswordViewController.swift in Sources */,
				24C4D7162728839600FD519D /* CustomInputView.swift in Sources */,
				24C4D6EA2725956D00FD519D /* Color.swift in Sources */,
				24F7434F27306B8600238E20 /* EventViewController.swift in Sources */,
				240B8D7C2731A7F300078404 /* CommentCell.swift in Sources */,
			);
			runOnlyForDeploymentPostprocessing = 0;
		};
		24C4D6B82725423B00FD519D /* Sources */ = {
			isa = PBXSourcesBuildPhase;
			buildActionMask = 2147483647;
			files = (
				24C4D6C12725423B00FD519D /* pindergartenTests.swift in Sources */,
			);
			runOnlyForDeploymentPostprocessing = 0;
		};
		24C4D6C32725423B00FD519D /* Sources */ = {
			isa = PBXSourcesBuildPhase;
			buildActionMask = 2147483647;
			files = (
				24C4D6CC2725423B00FD519D /* pindergartenUITests.swift in Sources */,
			);
			runOnlyForDeploymentPostprocessing = 0;
		};
/* End PBXSourcesBuildPhase section */

/* Begin PBXTargetDependency section */
		24C4D6BE2725423B00FD519D /* PBXTargetDependency */ = {
			isa = PBXTargetDependency;
			target = 24C4D6A52725423A00FD519D /* pindergarten */;
			targetProxy = 24C4D6BD2725423B00FD519D /* PBXContainerItemProxy */;
		};
		24C4D6C92725423B00FD519D /* PBXTargetDependency */ = {
			isa = PBXTargetDependency;
			target = 24C4D6A52725423A00FD519D /* pindergarten */;
			targetProxy = 24C4D6C82725423B00FD519D /* PBXContainerItemProxy */;
		};
/* End PBXTargetDependency section */

/* Begin PBXVariantGroup section */
		24C4D6B42725423B00FD519D /* LaunchScreen.storyboard */ = {
			isa = PBXVariantGroup;
			children = (
				24C4D6B52725423B00FD519D /* Base */,
			);
			name = LaunchScreen.storyboard;
			sourceTree = "<group>";
		};
/* End PBXVariantGroup section */

/* Begin XCBuildConfiguration section */
		24C4D6CE2725423B00FD519D /* Debug */ = {
			isa = XCBuildConfiguration;
			buildSettings = {
				ALWAYS_SEARCH_USER_PATHS = NO;
				CLANG_ANALYZER_NONNULL = YES;
				CLANG_ANALYZER_NUMBER_OBJECT_CONVERSION = YES_AGGRESSIVE;
				CLANG_CXX_LANGUAGE_STANDARD = "gnu++14";
				CLANG_CXX_LIBRARY = "libc++";
				CLANG_ENABLE_MODULES = YES;
				CLANG_ENABLE_OBJC_ARC = YES;
				CLANG_ENABLE_OBJC_WEAK = YES;
				CLANG_WARN_BLOCK_CAPTURE_AUTORELEASING = YES;
				CLANG_WARN_BOOL_CONVERSION = YES;
				CLANG_WARN_COMMA = YES;
				CLANG_WARN_CONSTANT_CONVERSION = YES;
				CLANG_WARN_DEPRECATED_OBJC_IMPLEMENTATIONS = YES;
				CLANG_WARN_DIRECT_OBJC_ISA_USAGE = YES_ERROR;
				CLANG_WARN_DOCUMENTATION_COMMENTS = YES;
				CLANG_WARN_EMPTY_BODY = YES;
				CLANG_WARN_ENUM_CONVERSION = YES;
				CLANG_WARN_INFINITE_RECURSION = YES;
				CLANG_WARN_INT_CONVERSION = YES;
				CLANG_WARN_NON_LITERAL_NULL_CONVERSION = YES;
				CLANG_WARN_OBJC_IMPLICIT_RETAIN_SELF = YES;
				CLANG_WARN_OBJC_LITERAL_CONVERSION = YES;
				CLANG_WARN_OBJC_ROOT_CLASS = YES_ERROR;
				CLANG_WARN_QUOTED_INCLUDE_IN_FRAMEWORK_HEADER = YES;
				CLANG_WARN_RANGE_LOOP_ANALYSIS = YES;
				CLANG_WARN_STRICT_PROTOTYPES = YES;
				CLANG_WARN_SUSPICIOUS_MOVE = YES;
				CLANG_WARN_UNGUARDED_AVAILABILITY = YES_AGGRESSIVE;
				CLANG_WARN_UNREACHABLE_CODE = YES;
				CLANG_WARN__DUPLICATE_METHOD_MATCH = YES;
				COPY_PHASE_STRIP = NO;
				DEBUG_INFORMATION_FORMAT = dwarf;
				ENABLE_STRICT_OBJC_MSGSEND = YES;
				ENABLE_TESTABILITY = YES;
				GCC_C_LANGUAGE_STANDARD = gnu11;
				GCC_DYNAMIC_NO_PIC = NO;
				GCC_NO_COMMON_BLOCKS = YES;
				GCC_OPTIMIZATION_LEVEL = 0;
				GCC_PREPROCESSOR_DEFINITIONS = (
					"DEBUG=1",
					"$(inherited)",
				);
				GCC_WARN_64_TO_32_BIT_CONVERSION = YES;
				GCC_WARN_ABOUT_RETURN_TYPE = YES_ERROR;
				GCC_WARN_UNDECLARED_SELECTOR = YES;
				GCC_WARN_UNINITIALIZED_AUTOS = YES_AGGRESSIVE;
				GCC_WARN_UNUSED_FUNCTION = YES;
				GCC_WARN_UNUSED_VARIABLE = YES;
				IPHONEOS_DEPLOYMENT_TARGET = 14.5;
				MTL_ENABLE_DEBUG_INFO = INCLUDE_SOURCE;
				MTL_FAST_MATH = YES;
				ONLY_ACTIVE_ARCH = YES;
				SDKROOT = iphoneos;
				SWIFT_ACTIVE_COMPILATION_CONDITIONS = DEBUG;
				SWIFT_OPTIMIZATION_LEVEL = "-Onone";
			};
			name = Debug;
		};
		24C4D6CF2725423B00FD519D /* Release */ = {
			isa = XCBuildConfiguration;
			buildSettings = {
				ALWAYS_SEARCH_USER_PATHS = NO;
				CLANG_ANALYZER_NONNULL = YES;
				CLANG_ANALYZER_NUMBER_OBJECT_CONVERSION = YES_AGGRESSIVE;
				CLANG_CXX_LANGUAGE_STANDARD = "gnu++14";
				CLANG_CXX_LIBRARY = "libc++";
				CLANG_ENABLE_MODULES = YES;
				CLANG_ENABLE_OBJC_ARC = YES;
				CLANG_ENABLE_OBJC_WEAK = YES;
				CLANG_WARN_BLOCK_CAPTURE_AUTORELEASING = YES;
				CLANG_WARN_BOOL_CONVERSION = YES;
				CLANG_WARN_COMMA = YES;
				CLANG_WARN_CONSTANT_CONVERSION = YES;
				CLANG_WARN_DEPRECATED_OBJC_IMPLEMENTATIONS = YES;
				CLANG_WARN_DIRECT_OBJC_ISA_USAGE = YES_ERROR;
				CLANG_WARN_DOCUMENTATION_COMMENTS = YES;
				CLANG_WARN_EMPTY_BODY = YES;
				CLANG_WARN_ENUM_CONVERSION = YES;
				CLANG_WARN_INFINITE_RECURSION = YES;
				CLANG_WARN_INT_CONVERSION = YES;
				CLANG_WARN_NON_LITERAL_NULL_CONVERSION = YES;
				CLANG_WARN_OBJC_IMPLICIT_RETAIN_SELF = YES;
				CLANG_WARN_OBJC_LITERAL_CONVERSION = YES;
				CLANG_WARN_OBJC_ROOT_CLASS = YES_ERROR;
				CLANG_WARN_QUOTED_INCLUDE_IN_FRAMEWORK_HEADER = YES;
				CLANG_WARN_RANGE_LOOP_ANALYSIS = YES;
				CLANG_WARN_STRICT_PROTOTYPES = YES;
				CLANG_WARN_SUSPICIOUS_MOVE = YES;
				CLANG_WARN_UNGUARDED_AVAILABILITY = YES_AGGRESSIVE;
				CLANG_WARN_UNREACHABLE_CODE = YES;
				CLANG_WARN__DUPLICATE_METHOD_MATCH = YES;
				COPY_PHASE_STRIP = NO;
				DEBUG_INFORMATION_FORMAT = "dwarf-with-dsym";
				ENABLE_NS_ASSERTIONS = NO;
				ENABLE_STRICT_OBJC_MSGSEND = YES;
				GCC_C_LANGUAGE_STANDARD = gnu11;
				GCC_NO_COMMON_BLOCKS = YES;
				GCC_WARN_64_TO_32_BIT_CONVERSION = YES;
				GCC_WARN_ABOUT_RETURN_TYPE = YES_ERROR;
				GCC_WARN_UNDECLARED_SELECTOR = YES;
				GCC_WARN_UNINITIALIZED_AUTOS = YES_AGGRESSIVE;
				GCC_WARN_UNUSED_FUNCTION = YES;
				GCC_WARN_UNUSED_VARIABLE = YES;
				IPHONEOS_DEPLOYMENT_TARGET = 14.5;
				MTL_ENABLE_DEBUG_INFO = NO;
				MTL_FAST_MATH = YES;
				SDKROOT = iphoneos;
				SWIFT_COMPILATION_MODE = wholemodule;
				SWIFT_OPTIMIZATION_LEVEL = "-O";
				VALIDATE_PRODUCT = YES;
			};
			name = Release;
		};
		24C4D6D12725423B00FD519D /* Debug */ = {
			isa = XCBuildConfiguration;
			baseConfigurationReference = CEB838AA6C898D27DCC976E1 /* Pods-pindergarten.debug.xcconfig */;
			buildSettings = {
				ASSETCATALOG_COMPILER_APPICON_NAME = AppIcon;
				ASSETCATALOG_COMPILER_GLOBAL_ACCENT_COLOR_NAME = AccentColor;
				CODE_SIGN_STYLE = Automatic;
				DEVELOPMENT_TEAM = "";
				INFOPLIST_FILE = pindergarten/Info.plist;
				IPHONEOS_DEPLOYMENT_TARGET = 13.0;
				LD_RUNPATH_SEARCH_PATHS = (
					"$(inherited)",
					"@executable_path/Frameworks",
				);
				PRODUCT_BUNDLE_IDENTIFIER = com.minseong.pindergarten;
				PRODUCT_NAME = "$(TARGET_NAME)";
				SWIFT_VERSION = 5.0;
				TARGETED_DEVICE_FAMILY = "1,2";
			};
			name = Debug;
		};
		24C4D6D22725423B00FD519D /* Release */ = {
			isa = XCBuildConfiguration;
			baseConfigurationReference = 6DD568A7A64EBA83755BB587 /* Pods-pindergarten.release.xcconfig */;
			buildSettings = {
				ASSETCATALOG_COMPILER_APPICON_NAME = AppIcon;
				ASSETCATALOG_COMPILER_GLOBAL_ACCENT_COLOR_NAME = AccentColor;
				CODE_SIGN_STYLE = Automatic;
				DEVELOPMENT_TEAM = "";
				INFOPLIST_FILE = pindergarten/Info.plist;
				IPHONEOS_DEPLOYMENT_TARGET = 13.0;
				LD_RUNPATH_SEARCH_PATHS = (
					"$(inherited)",
					"@executable_path/Frameworks",
				);
				PRODUCT_BUNDLE_IDENTIFIER = com.minseong.pindergarten;
				PRODUCT_NAME = "$(TARGET_NAME)";
				SWIFT_VERSION = 5.0;
				TARGETED_DEVICE_FAMILY = "1,2";
			};
			name = Release;
		};
		24C4D6D42725423B00FD519D /* Debug */ = {
			isa = XCBuildConfiguration;
			baseConfigurationReference = BA10CCBCAC9F0CE752428F57 /* Pods-pindergartenTests.debug.xcconfig */;
			buildSettings = {
				ALWAYS_EMBED_SWIFT_STANDARD_LIBRARIES = YES;
				BUNDLE_LOADER = "$(TEST_HOST)";
				CODE_SIGN_STYLE = Automatic;
				INFOPLIST_FILE = pindergartenTests/Info.plist;
				IPHONEOS_DEPLOYMENT_TARGET = 14.5;
				LD_RUNPATH_SEARCH_PATHS = (
					"$(inherited)",
					"@executable_path/Frameworks",
					"@loader_path/Frameworks",
				);
				PRODUCT_BUNDLE_IDENTIFIER = com.minseong.pindergartenTests;
				PRODUCT_NAME = "$(TARGET_NAME)";
				SWIFT_VERSION = 5.0;
				TARGETED_DEVICE_FAMILY = "1,2";
				TEST_HOST = "$(BUILT_PRODUCTS_DIR)/pindergarten.app/pindergarten";
			};
			name = Debug;
		};
		24C4D6D52725423B00FD519D /* Release */ = {
			isa = XCBuildConfiguration;
			baseConfigurationReference = 2B31FB682395B1475359C8E1 /* Pods-pindergartenTests.release.xcconfig */;
			buildSettings = {
				ALWAYS_EMBED_SWIFT_STANDARD_LIBRARIES = YES;
				BUNDLE_LOADER = "$(TEST_HOST)";
				CODE_SIGN_STYLE = Automatic;
				INFOPLIST_FILE = pindergartenTests/Info.plist;
				IPHONEOS_DEPLOYMENT_TARGET = 14.5;
				LD_RUNPATH_SEARCH_PATHS = (
					"$(inherited)",
					"@executable_path/Frameworks",
					"@loader_path/Frameworks",
				);
				PRODUCT_BUNDLE_IDENTIFIER = com.minseong.pindergartenTests;
				PRODUCT_NAME = "$(TARGET_NAME)";
				SWIFT_VERSION = 5.0;
				TARGETED_DEVICE_FAMILY = "1,2";
				TEST_HOST = "$(BUILT_PRODUCTS_DIR)/pindergarten.app/pindergarten";
			};
			name = Release;
		};
		24C4D6D72725423B00FD519D /* Debug */ = {
			isa = XCBuildConfiguration;
			baseConfigurationReference = 9BFB8A38A8E44AC7D3C0EFC8 /* Pods-pindergarten-pindergartenUITests.debug.xcconfig */;
			buildSettings = {
				ALWAYS_EMBED_SWIFT_STANDARD_LIBRARIES = YES;
				CODE_SIGN_STYLE = Automatic;
				INFOPLIST_FILE = pindergartenUITests/Info.plist;
				LD_RUNPATH_SEARCH_PATHS = (
					"$(inherited)",
					"@executable_path/Frameworks",
					"@loader_path/Frameworks",
				);
				PRODUCT_BUNDLE_IDENTIFIER = com.minseong.pindergartenUITests;
				PRODUCT_NAME = "$(TARGET_NAME)";
				SWIFT_VERSION = 5.0;
				TARGETED_DEVICE_FAMILY = "1,2";
				TEST_TARGET_NAME = pindergarten;
			};
			name = Debug;
		};
		24C4D6D82725423B00FD519D /* Release */ = {
			isa = XCBuildConfiguration;
			baseConfigurationReference = 8AB0308F840462634BE671AD /* Pods-pindergarten-pindergartenUITests.release.xcconfig */;
			buildSettings = {
				ALWAYS_EMBED_SWIFT_STANDARD_LIBRARIES = YES;
				CODE_SIGN_STYLE = Automatic;
				INFOPLIST_FILE = pindergartenUITests/Info.plist;
				LD_RUNPATH_SEARCH_PATHS = (
					"$(inherited)",
					"@executable_path/Frameworks",
					"@loader_path/Frameworks",
				);
				PRODUCT_BUNDLE_IDENTIFIER = com.minseong.pindergartenUITests;
				PRODUCT_NAME = "$(TARGET_NAME)";
				SWIFT_VERSION = 5.0;
				TARGETED_DEVICE_FAMILY = "1,2";
				TEST_TARGET_NAME = pindergarten;
			};
			name = Release;
		};
/* End XCBuildConfiguration section */

/* Begin XCConfigurationList section */
		24C4D6A12725423A00FD519D /* Build configuration list for PBXProject "pindergarten" */ = {
			isa = XCConfigurationList;
			buildConfigurations = (
				24C4D6CE2725423B00FD519D /* Debug */,
				24C4D6CF2725423B00FD519D /* Release */,
			);
			defaultConfigurationIsVisible = 0;
			defaultConfigurationName = Release;
		};
		24C4D6D02725423B00FD519D /* Build configuration list for PBXNativeTarget "pindergarten" */ = {
			isa = XCConfigurationList;
			buildConfigurations = (
				24C4D6D12725423B00FD519D /* Debug */,
				24C4D6D22725423B00FD519D /* Release */,
			);
			defaultConfigurationIsVisible = 0;
			defaultConfigurationName = Release;
		};
		24C4D6D32725423B00FD519D /* Build configuration list for PBXNativeTarget "pindergartenTests" */ = {
			isa = XCConfigurationList;
			buildConfigurations = (
				24C4D6D42725423B00FD519D /* Debug */,
				24C4D6D52725423B00FD519D /* Release */,
			);
			defaultConfigurationIsVisible = 0;
			defaultConfigurationName = Release;
		};
		24C4D6D62725423B00FD519D /* Build configuration list for PBXNativeTarget "pindergartenUITests" */ = {
			isa = XCConfigurationList;
			buildConfigurations = (
				24C4D6D72725423B00FD519D /* Debug */,
				24C4D6D82725423B00FD519D /* Release */,
			);
			defaultConfigurationIsVisible = 0;
			defaultConfigurationName = Release;
		};
/* End XCConfigurationList section */
	};
	rootObject = 24C4D69E2725423A00FD519D /* Project object */;
}
